Microsoft Visual Studio Solution File, Format Version 12.00
# Visual Studio Version 17
VisualStudioVersion = 17.5.2.0
MinimumVisualStudioVersion = 10.0.40219.1
Project("{FAE04EC0-301F-11D3-BF4B-00C04F79EFBC}") = "HorasExtras", "HorasExtras.csproj", "{2B39061F-E459-4463-6F91-E376780072B2}"
EndProject
Global
	GlobalSection(SolutionConfigurationPlatforms) = preSolution
		Debug|Any CPU = Debug|Any CPU
		Release|Any CPU = Release|Any CPU
	EndGlobalSection
	GlobalSection(ProjectConfigurationPlatforms) = postSolution
		{2B39061F-E459-4463-6F91-E376780072B2}.Debug|Any CPU.ActiveCfg = Debug|Any CPU
		{2B39061F-E459-4463-6F91-E376780072B2}.Debug|Any CPU.Build.0 = Debug|Any CPU
		{2B39061F-E459-4463-6F91-E376780072B2}.Release|Any CPU.ActiveCfg = Release|Any CPU
		{2B39061F-E459-4463-6F91-E376780072B2}.Release|Any CPU.Build.0 = Release|Any CPU
	EndGlobalSection
	GlobalSection(SolutionProperties) = preSolution
		HideSolutionNode = FALSE
	EndGlobalSection
	GlobalSection(ExtensibilityGlobals) = postSolution
		SolutionGuid = {7E22A27A-11F2-4703-BE84-9A91EBC398EC}
	EndGlobalSection
EndGlobal
